PODS:
  - Alamofire (4.0.0)
  - AlamofireImage (3.0.0):
    - Alamofire (~> 4.0)
  - AlamofireNetworkActivityIndicator (2.0.0):
    - Alamofire (~> 4.0)

DEPENDENCIES:
  - Alamofire (~> 4.0)
  - AlamofireImage (~> 3.0)
  - AlamofireNetworkActivityIndicator (~> 2.0)

SPEC CHECKSUMS:
  Alamofire: fef59f00388f267e52d9b432aa5d93dc97190f14
  AlamofireImage: 6594aa1139a67dcd36cde6da79ea4e5b318e60fb
  AlamofireNetworkActivityIndicator: ba9f481748d954318dd99636abff028cd3fcdc07

PODFILE CHECKSUM: cbb2fe6cfccea83c42b2bf8e5202af49c3452cbf

COCOAPODS: 1.1.0.rc.1
