// !$*UTF8*$!
{
	archiveVersion = 1;
	classes = {
	};
	objectVersion = 46;
	objects = {

/* Begin PBXBuildFile section */
		05BE07960269890A8C0BAB25 /* Pods_ZhihuDaily.framework in Frameworks */ = {isa = PBXBuildFile; fileRef = D1833E8973EFDE981A212B06 /* Pods_ZhihuDaily.framework */; };
		C801AFE61D61BCB000191852 /* BannerContentView.swift in Sources */ = {isa = PBXBuildFile; fileRef = C801AFE51D61BCB000191852 /* BannerContentView.swift */; };
		C813826F1D60342A0015301F /* Theme.swift in Sources */ = {isa = PBXBuildFile; fileRef = C813826E1D60342A0015301F /* Theme.swift */; };
		C81382751D6047D80015301F /* Extension.swift in Sources */ = {isa = PBXBuildFile; fileRef = C81382741D6047D80015301F /* Extension.swift */; };
		C83099A81D44A73100D406F6 /* AppDelegate.swift in Sources */ = {isa = PBXBuildFile; fileRef = C83099A71D44A73100D406F6 /* AppDelegate.swift */; };
		C83099AF1D44A73100D406F6 /* Assets.xcassets in Resources */ = {isa = PBXBuildFile; fileRef = C83099AE1D44A73100D406F6 /* Assets.xcassets */; };
		C83099C31D44A7A200D406F6 /* Detail.storyboard in Resources */ = {isa = PBXBuildFile; fileRef = C83099BD1D44A7A200D406F6 /* Detail.storyboard */; };
		C83099C41D44A7A200D406F6 /* DetailViewController.swift in Sources */ = {isa = PBXBuildFile; fileRef = C83099BE1D44A7A200D406F6 /* DetailViewController.swift */; };
		C83099C51D44A7A200D406F6 /* MainViewController.swift in Sources */ = {isa = PBXBuildFile; fileRef = C83099BF1D44A7A200D406F6 /* MainViewController.swift */; };
		C83099C61D44A7A200D406F6 /* News.swift in Sources */ = {isa = PBXBuildFile; fileRef = C83099C01D44A7A200D406F6 /* News.swift */; };
		C83099C71D44A7A200D406F6 /* Story.swift in Sources */ = {isa = PBXBuildFile; fileRef = C83099C11D44A7A200D406F6 /* Story.swift */; };
		C83099C81D44A7A200D406F6 /* StoryCell.swift in Sources */ = {isa = PBXBuildFile; fileRef = C83099C21D44A7A200D406F6 /* StoryCell.swift */; };
		C83099CA1D44A7D800D406F6 /* Main.storyboard in Resources */ = {isa = PBXBuildFile; fileRef = C83099C91D44A7D800D406F6 /* Main.storyboard */; };
		C843F41B1D51D41F00E8AC1C /* Launch Screen.storyboard in Resources */ = {isa = PBXBuildFile; fileRef = C843F41A1D51D41F00E8AC1C /* Launch Screen.storyboard */; };
		C848DBD91D72DE3A0066E2AB /* App.swift in Sources */ = {isa = PBXBuildFile; fileRef = C848DBD81D72DE3A0066E2AB /* App.swift */; };
		C872BF4E1D45F1170020CEC5 /* BannerView.swift in Sources */ = {isa = PBXBuildFile; fileRef = C872BF4D1D45F1170020CEC5 /* BannerView.swift */; };
		C8880EAE1D5F595600E254F1 /* Model.swift in Sources */ = {isa = PBXBuildFile; fileRef = C8880EAD1D5F595600E254F1 /* Model.swift */; };
/* End PBXBuildFile section */

/* Begin PBXFileReference section */
		195EBE4AF09D5A377C509DC7 /* Pods-ZhihuDaily.debug.xcconfig */ = {isa = PBXFileReference; includeInIndex = 1; lastKnownFileType = text.xcconfig; name = "Pods-ZhihuDaily.debug.xcconfig"; path = "Pods/Target Support Files/Pods-ZhihuDaily/Pods-ZhihuDaily.debug.xcconfig"; sourceTree = "<group>"; };
		94D6A11790B57DA10EF6EBA6 /* Pods-ZhihuDaily.release.xcconfig */ = {isa = PBXFileReference; includeInIndex = 1; lastKnownFileType = text.xcconfig; name = "Pods-ZhihuDaily.release.xcconfig"; path = "Pods/Target Support Files/Pods-ZhihuDaily/Pods-ZhihuDaily.release.xcconfig"; sourceTree = "<group>"; };
		C801AFE51D61BCB000191852 /* BannerContentView.swift */ = {isa = PBXFileReference; fileEncoding = 4; lastKnownFileType = sourcecode.swift; lineEnding = 0; path = BannerContentView.swift; sourceTree = "<group>"; xcLanguageSpecificationIdentifier = xcode.lang.swift; };
		C813826E1D60342A0015301F /* Theme.swift */ = {isa = PBXFileReference; fileEncoding = 4; lastKnownFileType = sourcecode.swift; path = Theme.swift; sourceTree = "<group>"; };
		C81382741D6047D80015301F /* Extension.swift */ = {isa = PBXFileReference; fileEncoding = 4; lastKnownFileType = sourcecode.swift; path = Extension.swift; sourceTree = "<group>"; };
		C83099A41D44A73100D406F6 /* ZhihuDaily.app */ = {isa = PBXFileReference; explicitFileType = wrapper.application; includeInIndex = 0; path = ZhihuDaily.app; sourceTree = BUILT_PRODUCTS_DIR; };
		C83099A71D44A73100D406F6 /* AppDelegate.swift */ = {isa = PBXFileReference; lastKnownFileType = sourcecode.swift; lineEnding = 0; path = AppDelegate.swift; sourceTree = "<group>"; xcLanguageSpecificationIdentifier = xcode.lang.swift; };
		C83099AE1D44A73100D406F6 /* Assets.xcassets */ = {isa = PBXFileReference; lastKnownFileType = folder.assetcatalog; path = Assets.xcassets; sourceTree = "<group>"; };
		C83099B31D44A73100D406F6 /* Info.plist */ = {isa = PBXFileReference; lastKnownFileType = text.plist.xml; path = Info.plist; sourceTree = "<group>"; };
		C83099BD1D44A7A200D406F6 /* Detail.storyboard */ = {isa = PBXFileReference; fileEncoding = 4; lastKnownFileType = file.storyboard; path = Detail.storyboard; sourceTree = "<group>"; };
		C83099BE1D44A7A200D406F6 /* DetailViewController.swift */ = {isa = PBXFileReference; fileEncoding = 4; lastKnownFileType = sourcecode.swift; path = DetailViewController.swift; sourceTree = "<group>"; };
		C83099BF1D44A7A200D406F6 /* MainViewController.swift */ = {isa = PBXFileReference; fileEncoding = 4; lastKnownFileType = sourcecode.swift; lineEnding = 0; path = MainViewController.swift; sourceTree = "<group>"; xcLanguageSpecificationIdentifier = xcode.lang.swift; };
		C83099C01D44A7A200D406F6 /* News.swift */ = {isa = PBXFileReference; fileEncoding = 4; lastKnownFileType = sourcecode.swift; path = News.swift; sourceTree = "<group>"; };
		C83099C11D44A7A200D406F6 /* Story.swift */ = {isa = PBXFileReference; fileEncoding = 4; lastKnownFileType = sourcecode.swift; lineEnding = 0; path = Story.swift; sourceTree = "<group>"; xcLanguageSpecificationIdentifier = xcode.lang.swift; };
		C83099C21D44A7A200D406F6 /* StoryCell.swift */ = {isa = PBXFileReference; fileEncoding = 4; lastKnownFileType = sourcecode.swift; path = StoryCell.swift; sourceTree = "<group>"; };
		C83099C91D44A7D800D406F6 /* Main.storyboard */ = {isa = PBXFileReference; fileEncoding = 4; lastKnownFileType = file.storyboard; path = Main.storyboard; sourceTree = "<group>"; };
		C843F41A1D51D41F00E8AC1C /* Launch Screen.storyboard */ = {isa = PBXFileReference; fileEncoding = 4; lastKnownFileType = file.storyboard; path = "Launch Screen.storyboard"; sourceTree = "<group>"; };
		C848DBD81D72DE3A0066E2AB /* App.swift */ = {isa = PBXFileReference; fileEncoding = 4; lastKnownFileType = sourcecode.swift; path = App.swift; sourceTree = "<group>"; };
		C872BF4D1D45F1170020CEC5 /* BannerView.swift */ = {isa = PBXFileReference; fileEncoding = 4; lastKnownFileType = sourcecode.swift; lineEnding = 0; path = BannerView.swift; sourceTree = "<group>"; xcLanguageSpecificationIdentifier = xcode.lang.swift; };
		C872BF501D45FD460020CEC5 /* WebKit.framework */ = {isa = PBXFileReference; lastKnownFileType = wrapper.framework; name = WebKit.framework; path = System/Library/Frameworks/WebKit.framework; sourceTree = SDKROOT; };
		C8880EAD1D5F595600E254F1 /* Model.swift */ = {isa = PBXFileReference; fileEncoding = 4; lastKnownFileType = sourcecode.swift; path = Model.swift; sourceTree = "<group>"; };
		D1833E8973EFDE981A212B06 /* Pods_ZhihuDaily.framework */ = {isa = PBXFileReference; explicitFileType = wrapper.framework; includeInIndex = 0; path = Pods_ZhihuDaily.framework; sourceTree = BUILT_PRODUCTS_DIR; };
/* End PBXFileReference section */

/* Begin PBXFrameworksBuildPhase section */
		C83099A11D44A73100D406F6 /* Frameworks */ = {
			isa = PBXFrameworksBuildPhase;
			buildActionMask = 2147483647;
			files = (
				05BE07960269890A8C0BAB25 /* Pods_ZhihuDaily.framework in Frameworks */,
			);
			runOnlyForDeploymentPostprocessing = 0;
		};
/* End PBXFrameworksBuildPhase section */

/* Begin PBXGroup section */
		00F04C8980ACC815E447C694 /* Pods */ = {
			isa = PBXGroup;
			children = (
				195EBE4AF09D5A377C509DC7 /* Pods-ZhihuDaily.debug.xcconfig */,
				94D6A11790B57DA10EF6EBA6 /* Pods-ZhihuDaily.release.xcconfig */,
			);
			name = Pods;
			sourceTree = "<group>";
		};
		C801AFC21D61A20B00191852 /* Banner */ = {
			isa = PBXGroup;
			children = (
				C872BF4D1D45F1170020CEC5 /* BannerView.swift */,
				C801AFE51D61BCB000191852 /* BannerContentView.swift */,
			);
			name = Banner;
			sourceTree = "<group>";
		};
		C830999B1D44A73100D406F6 = {
			isa = PBXGroup;
			children = (
				C83099A61D44A73100D406F6 /* ZhihuDaily */,
				C83099A51D44A73100D406F6 /* Products */,
				C872BF4F1D45FD450020CEC5 /* Frameworks */,
				00F04C8980ACC815E447C694 /* Pods */,
			);
			sourceTree = "<group>";
		};
		C83099A51D44A73100D406F6 /* Products */ = {
			isa = PBXGroup;
			children = (
				C83099A41D44A73100D406F6 /* ZhihuDaily.app */,
			);
			name = Products;
			sourceTree = "<group>";
		};
		C83099A61D44A73100D406F6 /* ZhihuDaily */ = {
			isa = PBXGroup;
			children = (
				C83099CB1D44A7DF00D406F6 /* Storyboard */,
				C83099CC1D44A7E800D406F6 /* Controller */,
				C83099CD1D44A7F300D406F6 /* Model */,
				C83099CE1D44A7FA00D406F6 /* View */,
				C83099B91D44A74100D406F6 /* Ohters */,
			);
			path = ZhihuDaily;
			sourceTree = "<group>";
		};
		C83099B91D44A74100D406F6 /* Ohters */ = {
			isa = PBXGroup;
			children = (
				C8880EAD1D5F595600E254F1 /* Model.swift */,
				C813826E1D60342A0015301F /* Theme.swift */,
				C81382741D6047D80015301F /* Extension.swift */,
				C83099A71D44A73100D406F6 /* AppDelegate.swift */,
				C848DBD81D72DE3A0066E2AB /* App.swift */,
				C843F41A1D51D41F00E8AC1C /* Launch Screen.storyboard */,
				C83099AE1D44A73100D406F6 /* Assets.xcassets */,
				C83099B31D44A73100D406F6 /* Info.plist */,
			);
			name = Ohters;
			sourceTree = "<group>";
		};
		C83099CB1D44A7DF00D406F6 /* Storyboard */ = {
			isa = PBXGroup;
			children = (
				C83099BD1D44A7A200D406F6 /* Detail.storyboard */,
				C83099C91D44A7D800D406F6 /* Main.storyboard */,
			);
			name = Storyboard;
			sourceTree = "<group>";
		};
		C83099CC1D44A7E800D406F6 /* Controller */ = {
			isa = PBXGroup;
			children = (
				C83099BE1D44A7A200D406F6 /* DetailViewController.swift */,
				C83099BF1D44A7A200D406F6 /* MainViewController.swift */,
			);
			name = Controller;
			sourceTree = "<group>";
		};
		C83099CD1D44A7F300D406F6 /* Model */ = {
			isa = PBXGroup;
			children = (
				C83099C01D44A7A200D406F6 /* News.swift */,
				C83099C11D44A7A200D406F6 /* Story.swift */,
			);
			name = Model;
			sourceTree = "<group>";
		};
		C83099CE1D44A7FA00D406F6 /* View */ = {
			isa = PBXGroup;
			children = (
				C83099C21D44A7A200D406F6 /* StoryCell.swift */,
				C801AFC21D61A20B00191852 /* Banner */,
			);
			name = View;
			sourceTree = "<group>";
		};
		C872BF4F1D45FD450020CEC5 /* Frameworks */ = {
			isa = PBXGroup;
			children = (
				C872BF501D45FD460020CEC5 /* WebKit.framework */,
				D1833E8973EFDE981A212B06 /* Pods_ZhihuDaily.framework */,
			);
			name = Frameworks;
			sourceTree = "<group>";
		};
/* End PBXGroup section */

/* Begin PBXNativeTarget section */
		C83099A31D44A73100D406F6 /* ZhihuDaily */ = {
			isa = PBXNativeTarget;
			buildConfigurationList = C83099B61D44A73100D406F6 /* Build configuration list for PBXNativeTarget "ZhihuDaily" */;
			buildPhases = (
				0D0C98EC9DAB78DF7A984288 /* [CP] Check Pods Manifest.lock */,
				C83099A01D44A73100D406F6 /* Sources */,
				C83099A11D44A73100D406F6 /* Frameworks */,
				C83099A21D44A73100D406F6 /* Resources */,
				CC924AFEC80F3E2151F2BF62 /* [CP] Embed Pods Frameworks */,
				B1CB9A01E4E9F6417660DFA7 /* [CP] Copy Pods Resources */,
			);
			buildRules = (
			);
			dependencies = (
			);
			name = ZhihuDaily;
			productName = ZhihuDaily;
			productReference = C83099A41D44A73100D406F6 /* ZhihuDaily.app */;
			productType = "com.apple.product-type.application";
		};
/* End PBXNativeTarget section */

/* Begin PBXProject section */
		C830999C1D44A73100D406F6 /* Project object */ = {
			isa = PBXProject;
			attributes = {
				LastSwiftUpdateCheck = 0800;
				LastUpgradeCheck = 0800;
				ORGANIZATIONNAME = kemchenj;
				TargetAttributes = {
					C83099A31D44A73100D406F6 = {
						CreatedOnToolsVersion = 8.0;
						DevelopmentTeam = T28QC3M4TY;
						DevelopmentTeamName = "捷 陈 (Personal Team)";
						ProvisioningStyle = Manual;
					};
				};
			};
			buildConfigurationList = C830999F1D44A73100D406F6 /* Build configuration list for PBXProject "ZhihuDaily" */;
			compatibilityVersion = "Xcode 3.2";
			developmentRegion = English;
			hasScannedForEncodings = 0;
			knownRegions = (
				en,
				Base,
			);
			mainGroup = C830999B1D44A73100D406F6;
			productRefGroup = C83099A51D44A73100D406F6 /* Products */;
			projectDirPath = "";
			projectRoot = "";
			targets = (
				C83099A31D44A73100D406F6 /* ZhihuDaily */,
			);
		};
/* End PBXProject section */

/* Begin PBXResourcesBuildPhase section */
		C83099A21D44A73100D406F6 /* Resources */ = {
			isa = PBXResourcesBuildPhase;
			buildActionMask = 2147483647;
			files = (
				C83099C31D44A7A200D406F6 /* Detail.storyboard in Resources */,
				C83099CA1D44A7D800D406F6 /* Main.storyboard in Resources */,
				C843F41B1D51D41F00E8AC1C /* Launch Screen.storyboard in Resources */,
				C83099AF1D44A73100D406F6 /* Assets.xcassets in Resources */,
			);
			runOnlyForDeploymentPostprocessing = 0;
		};
/* End PBXResourcesBuildPhase section */

/* Begin PBXShellScriptBuildPhase section */
		0D0C98EC9DAB78DF7A984288 /* [CP] Check Pods Manifest.lock */ = {
			isa = PBXShellScriptBuildPhase;
			buildActionMask = 2147483647;
			files = (
			);
			inputPaths = (
			);
			name = "[CP] Check Pods Manifest.lock";
			outputPaths = (
			);
			runOnlyForDeploymentPostprocessing = 0;
			shellPath = /bin/sh;
			shellScript = "diff \"${PODS_ROOT}/../Podfile.lock\" \"${PODS_ROOT}/Manifest.lock\" > /dev/null\nif [ $? != 0 ] ; then\n    # print error to STDERR\n    echo \"error: The sandbox is not in sync with the Podfile.lock. Run 'pod install' or update your CocoaPods installation.\" >&2\n    exit 1\nfi\n";
			showEnvVarsInLog = 0;
		};
		B1CB9A01E4E9F6417660DFA7 /* [CP] Copy Pods Resources */ = {
			isa = PBXShellScriptBuildPhase;
			buildActionMask = 2147483647;
			files = (
			);
			inputPaths = (
			);
			name = "[CP] Copy Pods Resources";
			outputPaths = (
			);
			runOnlyForDeploymentPostprocessing = 0;
			shellPath = /bin/sh;
			shellScript = "\"${SRCROOT}/Pods/Target Support Files/Pods-ZhihuDaily/Pods-ZhihuDaily-resources.sh\"\n";
			showEnvVarsInLog = 0;
		};
		CC924AFEC80F3E2151F2BF62 /* [CP] Embed Pods Frameworks */ = {
			isa = PBXShellScriptBuildPhase;
			buildActionMask = 2147483647;
			files = (
			);
			inputPaths = (
			);
			name = "[CP] Embed Pods Frameworks";
			outputPaths = (
			);
			runOnlyForDeploymentPostprocessing = 0;
			shellPath = /bin/sh;
			shellScript = "\"${SRCROOT}/Pods/Target Support Files/Pods-ZhihuDaily/Pods-ZhihuDaily-frameworks.sh\"\n";
			showEnvVarsInLog = 0;
		};
/* End PBXShellScriptBuildPhase section */

/* Begin PBXSourcesBuildPhase section */
		C83099A01D44A73100D406F6 /* Sources */ = {
			isa = PBXSourcesBuildPhase;
			buildActionMask = 2147483647;
			files = (
				C813826F1D60342A0015301F /* Theme.swift in Sources */,
				C83099C51D44A7A200D406F6 /* MainViewController.swift in Sources */,
				C872BF4E1D45F1170020CEC5 /* BannerView.swift in Sources */,
				C83099A81D44A73100D406F6 /* AppDelegate.swift in Sources */,
				C83099C61D44A7A200D406F6 /* News.swift in Sources */,
				C81382751D6047D80015301F /* Extension.swift in Sources */,
				C801AFE61D61BCB000191852 /* BannerContentView.swift in Sources */,
				C83099C41D44A7A200D406F6 /* DetailViewController.swift in Sources */,
				C83099C71D44A7A200D406F6 /* Story.swift in Sources */,
				C848DBD91D72DE3A0066E2AB /* App.swift in Sources */,
				C83099C81D44A7A200D406F6 /* StoryCell.swift in Sources */,
				C8880EAE1D5F595600E254F1 /* Model.swift in Sources */,
			);
			runOnlyForDeploymentPostprocessing = 0;
		};
/* End PBXSourcesBuildPhase section */

/* Begin XCBuildConfiguration section */
		C83099B41D44A73100D406F6 /* Debug */ = {
			isa = XCBuildConfiguration;
			buildSettings = {
				ALWAYS_SEARCH_USER_PATHS = NO;
				CLANG_ANALYZER_NONNULL = YES;
				CLANG_CXX_LANGUAGE_STANDARD = "gnu++0x";
				CLANG_CXX_LIBRARY = "libc++";
				CLANG_ENABLE_MODULES = YES;
				CLANG_ENABLE_OBJC_ARC = YES;
				CLANG_WARN_BOOL_CONVERSION = YES;
				CLANG_WARN_CONSTANT_CONVERSION = YES;
				CLANG_WARN_DIRECT_OBJC_ISA_USAGE = YES_ERROR;
				CLANG_WARN_DOCUMENTATION_COMMENTS = YES;
				CLANG_WARN_EMPTY_BODY = YES;
				CLANG_WARN_ENUM_CONVERSION = YES;
				CLANG_WARN_INFINITE_RECURSION = YES;
				CLANG_WARN_INT_CONVERSION = YES;
				CLANG_WARN_OBJC_ROOT_CLASS = YES_ERROR;
				CLANG_WARN_SUSPICIOUS_MOVE = YES;
				CLANG_WARN_UNREACHABLE_CODE = YES;
				CLANG_WARN__DUPLICATE_METHOD_MATCH = YES;
				"CODE_SIGN_IDENTITY[sdk=iphoneos*]" = "iPhone Developer";
				COPY_PHASE_STRIP = NO;
				DEBUG_INFORMATION_FORMAT = dwarf;
				ENABLE_STRICT_OBJC_MSGSEND = YES;
				ENABLE_TESTABILITY = YES;
				GCC_C_LANGUAGE_STANDARD = gnu99;
				GCC_DYNAMIC_NO_PIC = NO;
				GCC_NO_COMMON_BLOCKS = YES;
				GCC_OPTIMIZATION_LEVEL = 0;
				GCC_PREPROCESSOR_DEFINITIONS = (
					"DEBUG=1",
					"$(inherited)",
				);
				GCC_WARN_64_TO_32_BIT_CONVERSION = YES;
				GCC_WARN_ABOUT_RETURN_TYPE = YES_ERROR;
				GCC_WARN_UNDECLARED_SELECTOR = YES;
				GCC_WARN_UNINITIALIZED_AUTOS = YES_AGGRESSIVE;
				GCC_WARN_UNUSED_FUNCTION = YES;
				GCC_WARN_UNUSED_VARIABLE = YES;
				IPHONEOS_DEPLOYMENT_TARGET = 10.0;
				MTL_ENABLE_DEBUG_INFO = YES;
				ONLY_ACTIVE_ARCH = YES;
				SDKROOT = iphoneos;
				SWIFT_ACTIVE_COMPILATION_CONDITIONS = DEBUG;
				SWIFT_OPTIMIZATION_LEVEL = "-Onone";
			};
			name = Debug;
		};
		C83099B51D44A73100D406F6 /* Release */ = {
			isa = XCBuildConfiguration;
			buildSettings = {
				ALWAYS_SEARCH_USER_PATHS = NO;
				CLANG_ANALYZER_NONNULL = YES;
				CLANG_CXX_LANGUAGE_STANDARD = "gnu++0x";
				CLANG_CXX_LIBRARY = "libc++";
				CLANG_ENABLE_MODULES = YES;
				CLANG_ENABLE_OBJC_ARC = YES;
				CLANG_WARN_BOOL_CONVERSION = YES;
				CLANG_WARN_CONSTANT_CONVERSION = YES;
				CLANG_WARN_DIRECT_OBJC_ISA_USAGE = YES_ERROR;
				CLANG_WARN_DOCUMENTATION_COMMENTS = YES;
				CLANG_WARN_EMPTY_BODY = YES;
				CLANG_WARN_ENUM_CONVERSION = YES;
				CLANG_WARN_INFINITE_RECURSION = YES;
				CLANG_WARN_INT_CONVERSION = YES;
				CLANG_WARN_OBJC_ROOT_CLASS = YES_ERROR;
				CLANG_WARN_SUSPICIOUS_MOVE = YES;
				CLANG_WARN_UNREACHABLE_CODE = YES;
				CLANG_WARN__DUPLICATE_METHOD_MATCH = YES;
				"CODE_SIGN_IDENTITY[sdk=iphoneos*]" = "iPhone Developer";
				COPY_PHASE_STRIP = NO;
				DEBUG_INFORMATION_FORMAT = "dwarf-with-dsym";
				ENABLE_NS_ASSERTIONS = NO;
				ENABLE_STRICT_OBJC_MSGSEND = YES;
				GCC_C_LANGUAGE_STANDARD = gnu99;
				GCC_NO_COMMON_BLOCKS = YES;
				GCC_WARN_64_TO_32_BIT_CONVERSION = YES;
				GCC_WARN_ABOUT_RETURN_TYPE = YES_ERROR;
				GCC_WARN_UNDECLARED_SELECTOR = YES;
				GCC_WARN_UNINITIALIZED_AUTOS = YES_AGGRESSIVE;
				GCC_WARN_UNUSED_FUNCTION = YES;
				GCC_WARN_UNUSED_VARIABLE = YES;
				IPHONEOS_DEPLOYMENT_TARGET = 10.0;
				MTL_ENABLE_DEBUG_INFO = NO;
				SDKROOT = iphoneos;
				SWIFT_OPTIMIZATION_LEVEL = "-Owholemodule";
				VALIDATE_PRODUCT = YES;
			};
			name = Release;
		};
		C83099B71D44A73100D406F6 /* Debug */ = {
			isa = XCBuildConfiguration;
			baseConfigurationReference = 195EBE4AF09D5A377C509DC7 /* Pods-ZhihuDaily.debug.xcconfig */;
			buildSettings = {
				ALWAYS_EMBED_SWIFT_STANDARD_LIBRARIES = YES;
				ASSETCATALOG_COMPILER_APPICON_NAME = AppIcon;
				INFOPLIST_FILE = ZhihuDaily/Info.plist;
				LD_RUNPATH_SEARCH_PATHS = "$(inherited) @executable_path/Frameworks";
				PRODUCT_BUNDLE_IDENTIFIER = com.st.ZhihuDaily;
				PRODUCT_NAME = "$(TARGET_NAME)";
				PROVISIONING_PROFILE = "88a76e9e-5b09-4d42-828d-53743e2d5d30";
				PROVISIONING_PROFILE_SPECIFIER = 9YFX35TJ5Y/iOS_Development;
				SWIFT_VERSION = 3.0;
			};
			name = Debug;
		};
		C83099B81D44A73100D406F6 /* Release */ = {
			isa = XCBuildConfiguration;
			baseConfigurationReference = 94D6A11790B57DA10EF6EBA6 /* Pods-ZhihuDaily.release.xcconfig */;
			buildSettings = {
				ALWAYS_EMBED_SWIFT_STANDARD_LIBRARIES = YES;
				ASSETCATALOG_COMPILER_APPICON_NAME = AppIcon;
				INFOPLIST_FILE = ZhihuDaily/Info.plist;
				LD_RUNPATH_SEARCH_PATHS = "$(inherited) @executable_path/Frameworks";
				PRODUCT_BUNDLE_IDENTIFIER = com.st.ZhihuDaily;
				PRODUCT_NAME = "$(TARGET_NAME)";
				PROVISIONING_PROFILE = "88a76e9e-5b09-4d42-828d-53743e2d5d30";
				PROVISIONING_PROFILE_SPECIFIER = 9YFX35TJ5Y/iOS_Development;
				SWIFT_VERSION = 3.0;
			};
			name = Release;
		};
/* End XCBuildConfiguration section */

/* Begin XCConfigurationList section */
		C830999F1D44A73100D406F6 /* Build configuration list for PBXProject "ZhihuDaily" */ = {
			isa = XCConfigurationList;
			buildConfigurations = (
				C83099B41D44A73100D406F6 /* Debug */,
				C83099B51D44A73100D406F6 /* Release */,
			);
			defaultConfigurationIsVisible = 0;
			defaultConfigurationName = Release;
		};
		C83099B61D44A73100D406F6 /* Build configuration list for PBXNativeTarget "ZhihuDaily" */ = {
			isa = XCConfigurationList;
			buildConfigurations = (
				C83099B71D44A73100D406F6 /* Debug */,
				C83099B81D44A73100D406F6 /* Release */,
			);
			defaultConfigurationIsVisible = 0;
			defaultConfigurationName = Release;
		};
/* End XCConfigurationList section */
	};
	rootObject = C830999C1D44A73100D406F6 /* Project object */;
}
